
Microsoft Visual Studio Solution File, Format Version 12.00
# 
Project("{2150E333-8FDC-42A3-9474-1A3956D46DE8}") = "src", "src", "{030A3A27-02E1-4D71-AD36-6E6603A406CD}"
EndProject
Project("{FAE04EC0-301F-11D3-BF4B-00C04F79EFBC}") = "Web", "src\Web\Web.csproj", "{DBB0D363-EB67-4CFD-AB83-51A14B5345B2}"
EndProject
Project("{2150E333-8FDC-42A3-9474-1A3956D46DE8}") = "Solution Items", "Solution Items", "{00F9B15E-A60F-4B05-848F-525ED827E29A}"
	ProjectSection(SolutionItems) = preProject
		Directory.Build.props = Directory.Build.props
		.editorconfig = .editorconfig
	EndProjectSection
EndProject
Project("{2150E333-8FDC-42A3-9474-1A3956D46DE8}") = "Questions", "Questions", "{3EB435B9-FBFA-4CFB-8CD3-FFB0C1FD39E4}"
EndProject
Project("{2150E333-8FDC-42A3-9474-1A3956D46DE8}") = "Tags", "Tags", "{4F17B7FE-C061-4CD0-9A47-D17CC398F0D8}"
EndProject
Project("{FAE04EC0-301F-11D3-BF4B-00C04F79EFBC}") = "Questions.Domain", "src\Questions\Questions.Domain\Questions.Domain.csproj", "{3B577801-54C4-47BB-8F31-159350730F61}"
EndProject
Project("{FAE04EC0-301F-11D3-BF4B-00C04F79EFBC}") = "Questions.Application", "src\Questions\Questions.Application\Questions.Application.csproj", "{830F21E5-5391-4565-92DF-979D2A374372}"
EndProject
Project("{FAE04EC0-301F-11D3-BF4B-00C04F79EFBC}") = "Questions.Presenters", "src\Questions\Questions.Presenters\Questions.Presenters.csproj", "{0C390290-36B1-4689-83E5-79A9B0D7B382}"
EndProject
Project("{FAE04EC0-301F-11D3-BF4B-00C04F79EFBC}") = "Questions.Infrastructure.Postgres", "src\Questions\Questions.Infrastructure.Postgres\Questions.Infrastructure.Postgres.csproj", "{B8BDE342-2883-4CF4-BF5E-A7543943C446}"
EndProject
Project("{FAE04EC0-301F-11D3-BF4B-00C04F79EFBC}") = "Questions.Contracts", "src\Questions\Questions.Contracts\Questions.Contracts.csproj", "{354EC60F-16DD-437A-9EC9-652383909AA1}"
EndProject
Project("{2150E333-8FDC-42A3-9474-1A3956D46DE8}") = "Comments", "Comments", "{22E32CBE-694B-43F0-BEB1-0C87388FA485}"
EndProject
Project("{2150E333-8FDC-42A3-9474-1A3956D46DE8}") = "Core", "Core", "{5F4EEF39-DAFF-48C4-833A-C2B220B91CC3}"
EndProject
Project("{2150E333-8FDC-42A3-9474-1A3956D46DE8}") = "Reports", "Reports", "{33FC32FB-0CB3-4F61-9978-E0DFCF63977A}"
EndProject
Project("{2150E333-8FDC-42A3-9474-1A3956D46DE8}") = "Infrastructure", "Infrastructure", "{E60AA43D-082E-43FC-8600-C5BE72CE36F8}"
EndProject
Project("{FAE04EC0-301F-11D3-BF4B-00C04F79EFBC}") = "Infrastructure.ElasticSearch", "src\Core\Infrastructure\Infrastructure.ElasticSearch\Infrastructure.ElasticSearch.csproj", "{5BE809CF-8730-4B6A-A212-2BD7CF0D1E30}"
EndProject
Project("{FAE04EC0-301F-11D3-BF4B-00C04F79EFBC}") = "Infrastructure.S3", "src\Core\Infrastructure\Infrastructure.S3\Infrastructure.S3.csproj", "{6482DA4B-DBEE-47C0-AA35-1288FDF41126}"
EndProject
Project("{FAE04EC0-301F-11D3-BF4B-00C04F79EFBC}") = "Tags", "src\Tags\Tags\Tags.csproj", "{5A7F0E05-63A0-43D7-869D-863866529B93}"
EndProject
Project("{FAE04EC0-301F-11D3-BF4B-00C04F79EFBC}") = "Framework", "src\Core\Framework\Framework.csproj", "{4A37419B-7008-4030-8DDA-03649BCC5871}"
EndProject
Project("{FAE04EC0-301F-11D3-BF4B-00C04F79EFBC}") = "Comments.Domain", "src\Comments\Comments.Domain\Comments.Domain.csproj", "{27C23265-FB7E-485F-845C-3816366899CF}"
EndProject
Project("{FAE04EC0-301F-11D3-BF4B-00C04F79EFBC}") = "Reports.Domain", "src\Reports\Reports.Domain\Reports.Domain.csproj", "{284AA348-FAB3-435C-BB20-B9790DC9571E}"
EndProject
Project("{FAE04EC0-301F-11D3-BF4B-00C04F79EFBC}") = "Tags.Contracts", "src\Tags\Tags.Contracts\Tags.Contracts.csproj", "{22978CCE-CDD0-4172-9054-AD52812FB5A2}"
EndProject
Project("{FAE04EC0-301F-11D3-BF4B-00C04F79EFBC}") = "Tags.Presenters", "src\Tags\Tags.Presenters\Tags.Presenters.csproj", "{47B7B342-776B-49B1-950D-F322C668D019}"
EndProject
Project("{FAE04EC0-301F-11D3-BF4B-00C04F79EFBC}") = "Shared", "src\Core\Shared\Shared.csproj", "{3E1F7CA4-0F04-45AA-9735-6F75CFD5EEC0}"
EndProject
Global
	GlobalSection(SolutionConfigurationPlatforms) = preSolution
		Debug|Any CPU = Debug|Any CPU
		Release|Any CPU = Release|Any CPU
	EndGlobalSection
	GlobalSection(ProjectConfigurationPlatforms) = postSolution
		{DBB0D363-EB67-4CFD-AB83-51A14B5345B2}.Debug|Any CPU.ActiveCfg = Debug|Any CPU
		{DBB0D363-EB67-4CFD-AB83-51A14B5345B2}.Debug|Any CPU.Build.0 = Debug|Any CPU
		{DBB0D363-EB67-4CFD-AB83-51A14B5345B2}.Release|Any CPU.ActiveCfg = Release|Any CPU
		{DBB0D363-EB67-4CFD-AB83-51A14B5345B2}.Release|Any CPU.Build.0 = Release|Any CPU
		{3B577801-54C4-47BB-8F31-159350730F61}.Debug|Any CPU.ActiveCfg = Debug|Any CPU
		{3B577801-54C4-47BB-8F31-159350730F61}.Debug|Any CPU.Build.0 = Debug|Any CPU
		{3B577801-54C4-47BB-8F31-159350730F61}.Release|Any CPU.ActiveCfg = Release|Any CPU
		{3B577801-54C4-47BB-8F31-159350730F61}.Release|Any CPU.Build.0 = Release|Any CPU
		{830F21E5-5391-4565-92DF-979D2A374372}.Debug|Any CPU.ActiveCfg = Debug|Any CPU
		{830F21E5-5391-4565-92DF-979D2A374372}.Debug|Any CPU.Build.0 = Debug|Any CPU
		{830F21E5-5391-4565-92DF-979D2A374372}.Release|Any CPU.ActiveCfg = Release|Any CPU
		{830F21E5-5391-4565-92DF-979D2A374372}.Release|Any CPU.Build.0 = Release|Any CPU
		{0C390290-36B1-4689-83E5-79A9B0D7B382}.Debug|Any CPU.ActiveCfg = Debug|Any CPU
		{0C390290-36B1-4689-83E5-79A9B0D7B382}.Debug|Any CPU.Build.0 = Debug|Any CPU
		{0C390290-36B1-4689-83E5-79A9B0D7B382}.Release|Any CPU.ActiveCfg = Release|Any CPU
		{0C390290-36B1-4689-83E5-79A9B0D7B382}.Release|Any CPU.Build.0 = Release|Any CPU
		{B8BDE342-2883-4CF4-BF5E-A7543943C446}.Debug|Any CPU.ActiveCfg = Debug|Any CPU
		{B8BDE342-2883-4CF4-BF5E-A7543943C446}.Debug|Any CPU.Build.0 = Debug|Any CPU
		{B8BDE342-2883-4CF4-BF5E-A7543943C446}.Release|Any CPU.ActiveCfg = Release|Any CPU
		{B8BDE342-2883-4CF4-BF5E-A7543943C446}.Release|Any CPU.Build.0 = Release|Any CPU
		{354EC60F-16DD-437A-9EC9-652383909AA1}.Debug|Any CPU.ActiveCfg = Debug|Any CPU
		{354EC60F-16DD-437A-9EC9-652383909AA1}.Debug|Any CPU.Build.0 = Debug|Any CPU
		{354EC60F-16DD-437A-9EC9-652383909AA1}.Release|Any CPU.ActiveCfg = Release|Any CPU
		{354EC60F-16DD-437A-9EC9-652383909AA1}.Release|Any CPU.Build.0 = Release|Any CPU
		{5BE809CF-8730-4B6A-A212-2BD7CF0D1E30}.Debug|Any CPU.ActiveCfg = Debug|Any CPU
		{5BE809CF-8730-4B6A-A212-2BD7CF0D1E30}.Debug|Any CPU.Build.0 = Debug|Any CPU
		{5BE809CF-8730-4B6A-A212-2BD7CF0D1E30}.Release|Any CPU.ActiveCfg = Release|Any CPU
		{5BE809CF-8730-4B6A-A212-2BD7CF0D1E30}.Release|Any CPU.Build.0 = Release|Any CPU
		{6482DA4B-DBEE-47C0-AA35-1288FDF41126}.Debug|Any CPU.ActiveCfg = Debug|Any CPU
		{6482DA4B-DBEE-47C0-AA35-1288FDF41126}.Debug|Any CPU.Build.0 = Debug|Any CPU
		{6482DA4B-DBEE-47C0-AA35-1288FDF41126}.Release|Any CPU.ActiveCfg = Release|Any CPU
		{6482DA4B-DBEE-47C0-AA35-1288FDF41126}.Release|Any CPU.Build.0 = Release|Any CPU
		{5A7F0E05-63A0-43D7-869D-863866529B93}.Debug|Any CPU.ActiveCfg = Debug|Any CPU
		{5A7F0E05-63A0-43D7-869D-863866529B93}.Debug|Any CPU.Build.0 = Debug|Any CPU
		{5A7F0E05-63A0-43D7-869D-863866529B93}.Release|Any CPU.ActiveCfg = Release|Any CPU
		{5A7F0E05-63A0-43D7-869D-863866529B93}.Release|Any CPU.Build.0 = Release|Any CPU
		{4A37419B-7008-4030-8DDA-03649BCC5871}.Debug|Any CPU.ActiveCfg = Debug|Any CPU
		{4A37419B-7008-4030-8DDA-03649BCC5871}.Debug|Any CPU.Build.0 = Debug|Any CPU
		{4A37419B-7008-4030-8DDA-03649BCC5871}.Release|Any CPU.ActiveCfg = Release|Any CPU
		{4A37419B-7008-4030-8DDA-03649BCC5871}.Release|Any CPU.Build.0 = Release|Any CPU
		{27C23265-FB7E-485F-845C-3816366899CF}.Debug|Any CPU.ActiveCfg = Debug|Any CPU
		{27C23265-FB7E-485F-845C-3816366899CF}.Debug|Any CPU.Build.0 = Debug|Any CPU
		{27C23265-FB7E-485F-845C-3816366899CF}.Release|Any CPU.ActiveCfg = Release|Any CPU
		{27C23265-FB7E-485F-845C-3816366899CF}.Release|Any CPU.Build.0 = Release|Any CPU
		{284AA348-FAB3-435C-BB20-B9790DC9571E}.Debug|Any CPU.ActiveCfg = Debug|Any CPU
		{284AA348-FAB3-435C-BB20-B9790DC9571E}.Debug|Any CPU.Build.0 = Debug|Any CPU
		{284AA348-FAB3-435C-BB20-B9790DC9571E}.Release|Any CPU.ActiveCfg = Release|Any CPU
		{284AA348-FAB3-435C-BB20-B9790DC9571E}.Release|Any CPU.Build.0 = Release|Any CPU
		{22978CCE-CDD0-4172-9054-AD52812FB5A2}.Debug|Any CPU.ActiveCfg = Debug|Any CPU
		{22978CCE-CDD0-4172-9054-AD52812FB5A2}.Debug|Any CPU.Build.0 = Debug|Any CPU
		{22978CCE-CDD0-4172-9054-AD52812FB5A2}.Release|Any CPU.ActiveCfg = Release|Any CPU
		{22978CCE-CDD0-4172-9054-AD52812FB5A2}.Release|Any CPU.Build.0 = Release|Any CPU
		{47B7B342-776B-49B1-950D-F322C668D019}.Debug|Any CPU.ActiveCfg = Debug|Any CPU
		{47B7B342-776B-49B1-950D-F322C668D019}.Debug|Any CPU.Build.0 = Debug|Any CPU
		{47B7B342-776B-49B1-950D-F322C668D019}.Release|Any CPU.ActiveCfg = Release|Any CPU
		{47B7B342-776B-49B1-950D-F322C668D019}.Release|Any CPU.Build.0 = Release|Any CPU
		{3E1F7CA4-0F04-45AA-9735-6F75CFD5EEC0}.Debug|Any CPU.ActiveCfg = Debug|Any CPU
		{3E1F7CA4-0F04-45AA-9735-6F75CFD5EEC0}.Debug|Any CPU.Build.0 = Debug|Any CPU
		{3E1F7CA4-0F04-45AA-9735-6F75CFD5EEC0}.Release|Any CPU.ActiveCfg = Release|Any CPU
		{3E1F7CA4-0F04-45AA-9735-6F75CFD5EEC0}.Release|Any CPU.Build.0 = Release|Any CPU
	EndGlobalSection
	GlobalSection(SolutionProperties) = preSolution
		HideSolutionNode = FALSE
	EndGlobalSection
	GlobalSection(NestedProjects) = preSolution
		{DBB0D363-EB67-4CFD-AB83-51A14B5345B2} = {030A3A27-02E1-4D71-AD36-6E6603A406CD}
		{3EB435B9-FBFA-4CFB-8CD3-FFB0C1FD39E4} = {030A3A27-02E1-4D71-AD36-6E6603A406CD}
		{4F17B7FE-C061-4CD0-9A47-D17CC398F0D8} = {030A3A27-02E1-4D71-AD36-6E6603A406CD}
		{3B577801-54C4-47BB-8F31-159350730F61} = {3EB435B9-FBFA-4CFB-8CD3-FFB0C1FD39E4}
		{830F21E5-5391-4565-92DF-979D2A374372} = {3EB435B9-FBFA-4CFB-8CD3-FFB0C1FD39E4}
		{0C390290-36B1-4689-83E5-79A9B0D7B382} = {3EB435B9-FBFA-4CFB-8CD3-FFB0C1FD39E4}
		{B8BDE342-2883-4CF4-BF5E-A7543943C446} = {3EB435B9-FBFA-4CFB-8CD3-FFB0C1FD39E4}
		{354EC60F-16DD-437A-9EC9-652383909AA1} = {3EB435B9-FBFA-4CFB-8CD3-FFB0C1FD39E4}
		{22E32CBE-694B-43F0-BEB1-0C87388FA485} = {030A3A27-02E1-4D71-AD36-6E6603A406CD}
		{5F4EEF39-DAFF-48C4-833A-C2B220B91CC3} = {030A3A27-02E1-4D71-AD36-6E6603A406CD}
		{33FC32FB-0CB3-4F61-9978-E0DFCF63977A} = {030A3A27-02E1-4D71-AD36-6E6603A406CD}
		{E60AA43D-082E-43FC-8600-C5BE72CE36F8} = {5F4EEF39-DAFF-48C4-833A-C2B220B91CC3}
		{5BE809CF-8730-4B6A-A212-2BD7CF0D1E30} = {E60AA43D-082E-43FC-8600-C5BE72CE36F8}
		{6482DA4B-DBEE-47C0-AA35-1288FDF41126} = {E60AA43D-082E-43FC-8600-C5BE72CE36F8}
		{5A7F0E05-63A0-43D7-869D-863866529B93} = {4F17B7FE-C061-4CD0-9A47-D17CC398F0D8}
		{4A37419B-7008-4030-8DDA-03649BCC5871} = {5F4EEF39-DAFF-48C4-833A-C2B220B91CC3}
		{27C23265-FB7E-485F-845C-3816366899CF} = {22E32CBE-694B-43F0-BEB1-0C87388FA485}
		{284AA348-FAB3-435C-BB20-B9790DC9571E} = {33FC32FB-0CB3-4F61-9978-E0DFCF63977A}
		{22978CCE-CDD0-4172-9054-AD52812FB5A2} = {4F17B7FE-C061-4CD0-9A47-D17CC398F0D8}
		{47B7B342-776B-49B1-950D-F322C668D019} = {4F17B7FE-C061-4CD0-9A47-D17CC398F0D8}
		{3E1F7CA4-0F04-45AA-9735-6F75CFD5EEC0} = {5F4EEF39-DAFF-48C4-833A-C2B220B91CC3}
	EndGlobalSection
EndGlobal
