
Microsoft Visual Studio Solution File, Format Version 12.00
Project("{FAE04EC0-301F-11D3-BF4B-00C04F79EFBC}") = "DevQuestions.Domain", "src\DevQuestions.Domain\DevQuestions.Domain.csproj", "{4A38D7D8-EDE9-4991-87C0-FECF842B6B91}"
EndProject
Project("{2150E333-8FDC-42A3-9474-1A3956D46DE8}") = "src", "src", "{030A3A27-02E1-4D71-AD36-6E6603A406CD}"
EndProject
Project("{FAE04EC0-301F-11D3-BF4B-00C04F79EFBC}") = "DevQuestions.Web", "src\DevQuestions.Web\DevQuestions.Web.csproj", "{DBB0D363-EB67-4CFD-AB83-51A14B5345B2}"
EndProject
Project("{FAE04EC0-301F-11D3-BF4B-00C04F79EFBC}") = "DevQuestions.Presenters", "src\DevQuestions.Presenters\DevQuestions.Presenters.csproj", "{B1471EC6-01DD-452F-AD5F-FF5EE9D09740}"
EndProject
Project("{2150E333-8FDC-42A3-9474-1A3956D46DE8}") = "Solution Items", "Solution Items", "{00F9B15E-A60F-4B05-848F-525ED827E29A}"
	ProjectSection(SolutionItems) = preProject
		Directory.Build.props = Directory.Build.props
		.editorconfig = .editorconfig
	EndProjectSection
EndProject
Project("{FAE04EC0-301F-11D3-BF4B-00C04F79EFBC}") = "DevQuestions.Contracts", "src\DevQuestions.Contracts\DevQuestions.Contracts.csproj", "{8A2EA35E-4972-482E-B2E6-93792411B17E}"
EndProject
Project("{FAE04EC0-301F-11D3-BF4B-00C04F79EFBC}") = "DevQuestions.Application", "src\DevQuestions.Application\DevQuestions.Application.csproj", "{08FD3E54-9FE6-480B-9087-85D78B8E0CCC}"
EndProject
Project("{FAE04EC0-301F-11D3-BF4B-00C04F79EFBC}") = "DevQuestions.Infrastructure.Postgresql", "src\DevQuestions.Infrastructure.Postgresql\DevQuestions.Infrastructure.Postgresql.csproj", "{8F02E8C4-37C7-4778-A57F-973CCFAC63E6}"
EndProject
Project("{FAE04EC0-301F-11D3-BF4B-00C04F79EFBC}") = "DevQuestions.Infrastructure.ElasticSearch", "src\DevQuestions.Infrastructure.ElasticSearch\DevQuestions.Infrastructure.ElasticSearch.csproj", "{CAF52CB3-D829-47F3-A39E-95FD1A1DE3E6}"
EndProject
Project("{FAE04EC0-301F-11D3-BF4B-00C04F79EFBC}") = "DevQuestions.Infrastructure.S3", "src\DevQuestions.Infrastructure.S3\DevQuestions.Infrastructure.S3.csproj", "{01A9721D-CA45-4C73-AB34-2970EF1EF509}"
EndProject
Project("{FAE04EC0-301F-11D3-BF4B-00C04F79EFBC}") = "Shared", "src\Shared\Shared.csproj", "{6EC40799-0C50-4B5F-B4AD-658C22F7923F}"
EndProject
Global
	GlobalSection(SolutionConfigurationPlatforms) = preSolution
		Debug|Any CPU = Debug|Any CPU
		Release|Any CPU = Release|Any CPU
	EndGlobalSection
	GlobalSection(ProjectConfigurationPlatforms) = postSolution
		{4A38D7D8-EDE9-4991-87C0-FECF842B6B91}.Debug|Any CPU.ActiveCfg = Debug|Any CPU
		{4A38D7D8-EDE9-4991-87C0-FECF842B6B91}.Debug|Any CPU.Build.0 = Debug|Any CPU
		{4A38D7D8-EDE9-4991-87C0-FECF842B6B91}.Release|Any CPU.ActiveCfg = Release|Any CPU
		{4A38D7D8-EDE9-4991-87C0-FECF842B6B91}.Release|Any CPU.Build.0 = Release|Any CPU
		{DBB0D363-EB67-4CFD-AB83-51A14B5345B2}.Debug|Any CPU.ActiveCfg = Debug|Any CPU
		{DBB0D363-EB67-4CFD-AB83-51A14B5345B2}.Debug|Any CPU.Build.0 = Debug|Any CPU
		{DBB0D363-EB67-4CFD-AB83-51A14B5345B2}.Release|Any CPU.ActiveCfg = Release|Any CPU
		{DBB0D363-EB67-4CFD-AB83-51A14B5345B2}.Release|Any CPU.Build.0 = Release|Any CPU
		{B1471EC6-01DD-452F-AD5F-FF5EE9D09740}.Debug|Any CPU.ActiveCfg = Debug|Any CPU
		{B1471EC6-01DD-452F-AD5F-FF5EE9D09740}.Debug|Any CPU.Build.0 = Debug|Any CPU
		{B1471EC6-01DD-452F-AD5F-FF5EE9D09740}.Release|Any CPU.ActiveCfg = Release|Any CPU
		{B1471EC6-01DD-452F-AD5F-FF5EE9D09740}.Release|Any CPU.Build.0 = Release|Any CPU
		{8A2EA35E-4972-482E-B2E6-93792411B17E}.Debug|Any CPU.ActiveCfg = Debug|Any CPU
		{8A2EA35E-4972-482E-B2E6-93792411B17E}.Debug|Any CPU.Build.0 = Debug|Any CPU
		{8A2EA35E-4972-482E-B2E6-93792411B17E}.Release|Any CPU.ActiveCfg = Release|Any CPU
		{8A2EA35E-4972-482E-B2E6-93792411B17E}.Release|Any CPU.Build.0 = Release|Any CPU
		{08FD3E54-9FE6-480B-9087-85D78B8E0CCC}.Debug|Any CPU.ActiveCfg = Debug|Any CPU
		{08FD3E54-9FE6-480B-9087-85D78B8E0CCC}.Debug|Any CPU.Build.0 = Debug|Any CPU
		{08FD3E54-9FE6-480B-9087-85D78B8E0CCC}.Release|Any CPU.ActiveCfg = Release|Any CPU
		{08FD3E54-9FE6-480B-9087-85D78B8E0CCC}.Release|Any CPU.Build.0 = Release|Any CPU
		{8F02E8C4-37C7-4778-A57F-973CCFAC63E6}.Debug|Any CPU.ActiveCfg = Debug|Any CPU
		{8F02E8C4-37C7-4778-A57F-973CCFAC63E6}.Debug|Any CPU.Build.0 = Debug|Any CPU
		{8F02E8C4-37C7-4778-A57F-973CCFAC63E6}.Release|Any CPU.ActiveCfg = Release|Any CPU
		{8F02E8C4-37C7-4778-A57F-973CCFAC63E6}.Release|Any CPU.Build.0 = Release|Any CPU
		{CAF52CB3-D829-47F3-A39E-95FD1A1DE3E6}.Debug|Any CPU.ActiveCfg = Debug|Any CPU
		{CAF52CB3-D829-47F3-A39E-95FD1A1DE3E6}.Debug|Any CPU.Build.0 = Debug|Any CPU
		{CAF52CB3-D829-47F3-A39E-95FD1A1DE3E6}.Release|Any CPU.ActiveCfg = Release|Any CPU
		{CAF52CB3-D829-47F3-A39E-95FD1A1DE3E6}.Release|Any CPU.Build.0 = Release|Any CPU
		{01A9721D-CA45-4C73-AB34-2970EF1EF509}.Debug|Any CPU.ActiveCfg = Debug|Any CPU
		{01A9721D-CA45-4C73-AB34-2970EF1EF509}.Debug|Any CPU.Build.0 = Debug|Any CPU
		{01A9721D-CA45-4C73-AB34-2970EF1EF509}.Release|Any CPU.ActiveCfg = Release|Any CPU
		{01A9721D-CA45-4C73-AB34-2970EF1EF509}.Release|Any CPU.Build.0 = Release|Any CPU
		{6EC40799-0C50-4B5F-B4AD-658C22F7923F}.Debug|Any CPU.ActiveCfg = Debug|Any CPU
		{6EC40799-0C50-4B5F-B4AD-658C22F7923F}.Debug|Any CPU.Build.0 = Debug|Any CPU
		{6EC40799-0C50-4B5F-B4AD-658C22F7923F}.Release|Any CPU.ActiveCfg = Release|Any CPU
		{6EC40799-0C50-4B5F-B4AD-658C22F7923F}.Release|Any CPU.Build.0 = Release|Any CPU
	EndGlobalSection
	GlobalSection(NestedProjects) = preSolution
		{4A38D7D8-EDE9-4991-87C0-FECF842B6B91} = {030A3A27-02E1-4D71-AD36-6E6603A406CD}
		{DBB0D363-EB67-4CFD-AB83-51A14B5345B2} = {030A3A27-02E1-4D71-AD36-6E6603A406CD}
		{B1471EC6-01DD-452F-AD5F-FF5EE9D09740} = {030A3A27-02E1-4D71-AD36-6E6603A406CD}
		{8A2EA35E-4972-482E-B2E6-93792411B17E} = {030A3A27-02E1-4D71-AD36-6E6603A406CD}
		{08FD3E54-9FE6-480B-9087-85D78B8E0CCC} = {030A3A27-02E1-4D71-AD36-6E6603A406CD}
		{8F02E8C4-37C7-4778-A57F-973CCFAC63E6} = {030A3A27-02E1-4D71-AD36-6E6603A406CD}
		{CAF52CB3-D829-47F3-A39E-95FD1A1DE3E6} = {030A3A27-02E1-4D71-AD36-6E6603A406CD}
		{01A9721D-CA45-4C73-AB34-2970EF1EF509} = {030A3A27-02E1-4D71-AD36-6E6603A406CD}
		{6EC40799-0C50-4B5F-B4AD-658C22F7923F} = {030A3A27-02E1-4D71-AD36-6E6603A406CD}
	EndGlobalSection
EndGlobal
